// !$*UTF8*$!
{
	archiveVersion = 1;
	classes = {
	};
	objectVersion = 50;
	objects = {

/* Begin PBXBuildFile section */
		4FB7E3C2222D142300EFC791 /* AppDelegate.swift in Sources */ = {isa = PBXBuildFile; fileRef = 4FB7E3C1222D142300EFC791 /* AppDelegate.swift */; };
		4FB7E3C4222D142300EFC791 /* ViewController.swift in Sources */ = {isa = PBXBuildFile; fileRef = 4FB7E3C3222D142300EFC791 /* ViewController.swift */; };
		4FB7E3C7222D142300EFC791 /* Main.storyboard in Resources */ = {isa = PBXBuildFile; fileRef = 4FB7E3C5222D142300EFC791 /* Main.storyboard */; };
		4FB7E3CA222D142300EFC791 /* New___37__MKMapView_Part_1.xcdatamodeld in Sources */ = {isa = PBXBuildFile; fileRef = 4FB7E3C8222D142300EFC791 /* New___37__MKMapView_Part_1.xcdatamodeld */; };
		4FB7E3CC222D142500EFC791 /* Assets.xcassets in Resources */ = {isa = PBXBuildFile; fileRef = 4FB7E3CB222D142500EFC791 /* Assets.xcassets */; };
		4FB7E3CF222D142500EFC791 /* LaunchScreen.storyboard in Resources */ = {isa = PBXBuildFile; fileRef = 4FB7E3CD222D142500EFC791 /* LaunchScreen.storyboard */; };
		4FB7E3DC222D223D00EFC791 /* MapKit.framework in Frameworks */ = {isa = PBXBuildFile; fileRef = 4FB7E3DB222D223D00EFC791 /* MapKit.framework */; };
		4FB7E3DE222D236A00EFC791 /* OBMapAnnotation.swift in Sources */ = {isa = PBXBuildFile; fileRef = 4FB7E3DD222D236A00EFC791 /* OBMapAnnotation.swift */; };
		4FB7E3E0222D5C5200EFC791 /* MKAnnptationView.swift in Sources */ = {isa = PBXBuildFile; fileRef = 4FB7E3DF222D5C5200EFC791 /* MKAnnptationView.swift */; };
/* End PBXBuildFile section */

/* Begin PBXFileReference section */
		4FB7E3BE222D142300EFC791 /* New - 37. MKMapView Part 1.app */ = {isa = PBXFileReference; explicitFileType = wrapper.application; includeInIndex = 0; path = "New - 37. MKMapView Part 1.app"; sourceTree = BUILT_PRODUCTS_DIR; };
		4FB7E3C1222D142300EFC791 /* AppDelegate.swift */ = {isa = PBXFileReference; lastKnownFileType = sourcecode.swift; path = AppDelegate.swift; sourceTree = "<group>"; };
		4FB7E3C3222D142300EFC791 /* ViewController.swift */ = {isa = PBXFileReference; lastKnownFileType = sourcecode.swift; path = ViewController.swift; sourceTree = "<group>"; };
		4FB7E3C6222D142300EFC791 /* Base */ = {isa = PBXFileReference; lastKnownFileType = file.storyboard; name = Base; path = Base.lproj/Main.storyboard; sourceTree = "<group>"; };
		4FB7E3C9222D142300EFC791 /* New___37__MKMapView_Part_1.xcdatamodel */ = {isa = PBXFileReference; lastKnownFileType = wrapper.xcdatamodel; path = "New___37__MKMapView_Part_1.xcdatamodel"; sourceTree = "<group>"; };
		4FB7E3CB222D142500EFC791 /* Assets.xcassets */ = {isa = PBXFileReference; lastKnownFileType = folder.assetcatalog; path = Assets.xcassets; sourceTree = "<group>"; };
		4FB7E3CE222D142500EFC791 /* Base */ = {isa = PBXFileReference; lastKnownFileType = file.storyboard; name = Base; path = Base.lproj/LaunchScreen.storyboard; sourceTree = "<group>"; };
		4FB7E3D0222D142500EFC791 /* Info.plist */ = {isa = PBXFileReference; lastKnownFileType = text.plist.xml; path = Info.plist; sourceTree = "<group>"; };
		4FB7E3DB222D223D00EFC791 /* MapKit.framework */ = {isa = PBXFileReference; lastKnownFileType = wrapper.framework; name = MapKit.framework; path = System/Library/Frameworks/MapKit.framework; sourceTree = SDKROOT; };
		4FB7E3DD222D236A00EFC791 /* OBMapAnnotation.swift */ = {isa = PBXFileReference; lastKnownFileType = sourcecode.swift; path = OBMapAnnotation.swift; sourceTree = "<group>"; };
		4FB7E3DF222D5C5200EFC791 /* MKAnnptationView.swift */ = {isa = PBXFileReference; lastKnownFileType = sourcecode.swift; path = MKAnnptationView.swift; sourceTree = "<group>"; };
/* End PBXFileReference section */

/* Begin PBXFrameworksBuildPhase section */
		4FB7E3BB222D142300EFC791 /* Frameworks */ = {
			isa = PBXFrameworksBuildPhase;
			buildActionMask = 2147483647;
			files = (
				4FB7E3DC222D223D00EFC791 /* MapKit.framework in Frameworks */,
			);
			runOnlyForDeploymentPostprocessing = 0;
		};
/* End PBXFrameworksBuildPhase section */

/* Begin PBXGroup section */
		4FB7E3B5222D142300EFC791 = {
			isa = PBXGroup;
			children = (
				4FB7E3C0222D142300EFC791 /* New - 37. MKMapView Part 1 */,
				4FB7E3BF222D142300EFC791 /* Products */,
				4FB7E3D6222D14D200EFC791 /* Frameworks */,
			);
			sourceTree = "<group>";
		};
		4FB7E3BF222D142300EFC791 /* Products */ = {
			isa = PBXGroup;
			children = (
				4FB7E3BE222D142300EFC791 /* New - 37. MKMapView Part 1.app */,
			);
			name = Products;
			sourceTree = "<group>";
		};
		4FB7E3C0222D142300EFC791 /* New - 37. MKMapView Part 1 */ = {
			isa = PBXGroup;
			children = (
				4FB7E3C1222D142300EFC791 /* AppDelegate.swift */,
				4FB7E3C3222D142300EFC791 /* ViewController.swift */,
				4FB7E3C5222D142300EFC791 /* Main.storyboard */,
				4FB7E3CB222D142500EFC791 /* Assets.xcassets */,
				4FB7E3CD222D142500EFC791 /* LaunchScreen.storyboard */,
				4FB7E3D0222D142500EFC791 /* Info.plist */,
				4FB7E3C8222D142300EFC791 /* New___37__MKMapView_Part_1.xcdatamodeld */,
				4FB7E3DD222D236A00EFC791 /* OBMapAnnotation.swift */,
				4FB7E3DF222D5C5200EFC791 /* MKAnnptationView.swift */,
			);
			path = "New - 37. MKMapView Part 1";
			sourceTree = "<group>";
		};
		4FB7E3D6222D14D200EFC791 /* Frameworks */ = {
			isa = PBXGroup;
			children = (
				4FB7E3DB222D223D00EFC791 /* MapKit.framework */,
			);
			name = Frameworks;
			sourceTree = "<group>";
		};
/* End PBXGroup section */

/* Begin PBXNativeTarget section */
		4FB7E3BD222D142300EFC791 /* New - 37. MKMapView Part 1 */ = {
			isa = PBXNativeTarget;
			buildConfigurationList = 4FB7E3D3222D142500EFC791 /* Build configuration list for PBXNativeTarget "New - 37. MKMapView Part 1" */;
			buildPhases = (
				4FB7E3BA222D142300EFC791 /* Sources */,
				4FB7E3BB222D142300EFC791 /* Frameworks */,
				4FB7E3BC222D142300EFC791 /* Resources */,
			);
			buildRules = (
			);
			dependencies = (
			);
			name = "New - 37. MKMapView Part 1";
			productName = "New - 37. MKMapView Part 1";
			productReference = 4FB7E3BE222D142300EFC791 /* New - 37. MKMapView Part 1.app */;
			productType = "com.apple.product-type.application";
		};
/* End PBXNativeTarget section */

/* Begin PBXProject section */
		4FB7E3B6222D142300EFC791 /* Project object */ = {
			isa = PBXProject;
			attributes = {
				LastSwiftUpdateCheck = 1010;
				LastUpgradeCheck = 1010;
				ORGANIZATIONNAME = "Oleksandr Bardashevskyi";
				TargetAttributes = {
					4FB7E3BD222D142300EFC791 = {
						CreatedOnToolsVersion = 10.1;
						SystemCapabilities = {
							com.apple.Maps.iOS = {
								enabled = 0;
							};
						};
					};
				};
			};
			buildConfigurationList = 4FB7E3B9222D142300EFC791 /* Build configuration list for PBXProject "New - 37. MKMapView Part 1" */;
			compatibilityVersion = "Xcode 9.3";
			developmentRegion = en;
			hasScannedForEncodings = 0;
			knownRegions = (
				en,
				Base,
			);
			mainGroup = 4FB7E3B5222D142300EFC791;
			productRefGroup = 4FB7E3BF222D142300EFC791 /* Products */;
			projectDirPath = "";
			projectRoot = "";
			targets = (
				4FB7E3BD222D142300EFC791 /* New - 37. MKMapView Part 1 */,
			);
		};
/* End PBXProject section */

/* Begin PBXResourcesBuildPhase section */
		4FB7E3BC222D142300EFC791 /* Resources */ = {
			isa = PBXResourcesBuildPhase;
			buildActionMask = 2147483647;
			files = (
				4FB7E3CF222D142500EFC791 /* LaunchScreen.storyboard in Resources */,
				4FB7E3CC222D142500EFC791 /* Assets.xcassets in Resources */,
				4FB7E3C7222D142300EFC791 /* Main.storyboard in Resources */,
			);
			runOnlyForDeploymentPostprocessing = 0;
		};
/* End PBXResourcesBuildPhase section */

/* Begin PBXSourcesBuildPhase section */
		4FB7E3BA222D142300EFC791 /* Sources */ = {
			isa = PBXSourcesBuildPhase;
			buildActionMask = 2147483647;
			files = (
				4FB7E3CA222D142300EFC791 /* New___37__MKMapView_Part_1.xcdatamodeld in Sources */,
				4FB7E3E0222D5C5200EFC791 /* MKAnnptationView.swift in Sources */,
				4FB7E3C4222D142300EFC791 /* ViewController.swift in Sources */,
				4FB7E3DE222D236A00EFC791 /* OBMapAnnotation.swift in Sources */,
				4FB7E3C2222D142300EFC791 /* AppDelegate.swift in Sources */,
			);
			runOnlyForDeploymentPostprocessing = 0;
		};
/* End PBXSourcesBuildPhase section */

/* Begin PBXVariantGroup section */
		4FB7E3C5222D142300EFC791 /* Main.storyboard */ = {
			isa = PBXVariantGroup;
			children = (
				4FB7E3C6222D142300EFC791 /* Base */,
			);
			name = Main.storyboard;
			sourceTree = "<group>";
		};
		4FB7E3CD222D142500EFC791 /* LaunchScreen.storyboard */ = {
			isa = PBXVariantGroup;
			children = (
				4FB7E3CE222D142500EFC791 /* Base */,
			);
			name = LaunchScreen.storyboard;
			sourceTree = "<group>";
		};
/* End PBXVariantGroup section */

/* Begin XCBuildConfiguration section */
		4FB7E3D1222D142500EFC791 /* Debug */ = {
			isa = XCBuildConfiguration;
			buildSettings = {
				ALWAYS_SEARCH_USER_PATHS = NO;
				CLANG_ANALYZER_NONNULL = YES;
				CLANG_ANALYZER_NUMBER_OBJECT_CONVERSION = YES_AGGRESSIVE;
				CLANG_CXX_LANGUAGE_STANDARD = "gnu++14";
				CLANG_CXX_LIBRARY = "libc++";
				CLANG_ENABLE_MODULES = YES;
				CLANG_ENABLE_OBJC_ARC = YES;
				CLANG_ENABLE_OBJC_WEAK = YES;
				CLANG_WARN_BLOCK_CAPTURE_AUTORELEASING = YES;
				CLANG_WARN_BOOL_CONVERSION = YES;
				CLANG_WARN_COMMA = YES;
				CLANG_WARN_CONSTANT_CONVERSION = YES;
				CLANG_WARN_DEPRECATED_OBJC_IMPLEMENTATIONS = YES;
				CLANG_WARN_DIRECT_OBJC_ISA_USAGE = YES_ERROR;
				CLANG_WARN_DOCUMENTATION_COMMENTS = YES;
				CLANG_WARN_EMPTY_BODY = YES;
				CLANG_WARN_ENUM_CONVERSION = YES;
				CLANG_WARN_INFINITE_RECURSION = YES;
				CLANG_WARN_INT_CONVERSION = YES;
				CLANG_WARN_NON_LITERAL_NULL_CONVERSION = YES;
				CLANG_WARN_OBJC_IMPLICIT_RETAIN_SELF = YES;
				CLANG_WARN_OBJC_LITERAL_CONVERSION = YES;
				CLANG_WARN_OBJC_ROOT_CLASS = YES_ERROR;
				CLANG_WARN_RANGE_LOOP_ANALYSIS = YES;
				CLANG_WARN_STRICT_PROTOTYPES = YES;
				CLANG_WARN_SUSPICIOUS_MOVE = YES;
				CLANG_WARN_UNGUARDED_AVAILABILITY = YES_AGGRESSIVE;
				CLANG_WARN_UNREACHABLE_CODE = YES;
				CLANG_WARN__DUPLICATE_METHOD_MATCH = YES;
				CODE_SIGN_IDENTITY = "iPhone Developer";
				COPY_PHASE_STRIP = NO;
				DEBUG_INFORMATION_FORMAT = dwarf;
				ENABLE_STRICT_OBJC_MSGSEND = YES;
				ENABLE_TESTABILITY = YES;
				GCC_C_LANGUAGE_STANDARD = gnu11;
				GCC_DYNAMIC_NO_PIC = NO;
				GCC_NO_COMMON_BLOCKS = YES;
				GCC_OPTIMIZATION_LEVEL = 0;
				GCC_PREPROCESSOR_DEFINITIONS = (
					"DEBUG=1",
					"$(inherited)",
				);
				GCC_WARN_64_TO_32_BIT_CONVERSION = YES;
				GCC_WARN_ABOUT_RETURN_TYPE = YES_ERROR;
				GCC_WARN_UNDECLARED_SELECTOR = YES;
				GCC_WARN_UNINITIALIZED_AUTOS = YES_AGGRESSIVE;
				GCC_WARN_UNUSED_FUNCTION = YES;
				GCC_WARN_UNUSED_VARIABLE = YES;
				IPHONEOS_DEPLOYMENT_TARGET = 12.1;
				MTL_ENABLE_DEBUG_INFO = INCLUDE_SOURCE;
				MTL_FAST_MATH = YES;
				ONLY_ACTIVE_ARCH = YES;
				SDKROOT = iphoneos;
				SWIFT_ACTIVE_COMPILATION_CONDITIONS = DEBUG;
				SWIFT_OPTIMIZATION_LEVEL = "-Onone";
			};
			name = Debug;
		};
		4FB7E3D2222D142500EFC791 /* Release */ = {
			isa = XCBuildConfiguration;
			buildSettings = {
				ALWAYS_SEARCH_USER_PATHS = NO;
				CLANG_ANALYZER_NONNULL = YES;
				CLANG_ANALYZER_NUMBER_OBJECT_CONVERSION = YES_AGGRESSIVE;
				CLANG_CXX_LANGUAGE_STANDARD = "gnu++14";
				CLANG_CXX_LIBRARY = "libc++";
				CLANG_ENABLE_MODULES = YES;
				CLANG_ENABLE_OBJC_ARC = YES;
				CLANG_ENABLE_OBJC_WEAK = YES;
				CLANG_WARN_BLOCK_CAPTURE_AUTORELEASING = YES;
				CLANG_WARN_BOOL_CONVERSION = YES;
				CLANG_WARN_COMMA = YES;
				CLANG_WARN_CONSTANT_CONVERSION = YES;
				CLANG_WARN_DEPRECATED_OBJC_IMPLEMENTATIONS = YES;
				CLANG_WARN_DIRECT_OBJC_ISA_USAGE = YES_ERROR;
				CLANG_WARN_DOCUMENTATION_COMMENTS = YES;
				CLANG_WARN_EMPTY_BODY = YES;
				CLANG_WARN_ENUM_CONVERSION = YES;
				CLANG_WARN_INFINITE_RECURSION = YES;
				CLANG_WARN_INT_CONVERSION = YES;
				CLANG_WARN_NON_LITERAL_NULL_CONVERSION = YES;
				CLANG_WARN_OBJC_IMPLICIT_RETAIN_SELF = YES;
				CLANG_WARN_OBJC_LITERAL_CONVERSION = YES;
				CLANG_WARN_OBJC_ROOT_CLASS = YES_ERROR;
				CLANG_WARN_RANGE_LOOP_ANALYSIS = YES;
				CLANG_WARN_STRICT_PROTOTYPES = YES;
				CLANG_WARN_SUSPICIOUS_MOVE = YES;
				CLANG_WARN_UNGUARDED_AVAILABILITY = YES_AGGRESSIVE;
				CLANG_WARN_UNREACHABLE_CODE = YES;
				CLANG_WARN__DUPLICATE_METHOD_MATCH = YES;
				CODE_SIGN_IDENTITY = "iPhone Developer";
				COPY_PHASE_STRIP = NO;
				DEBUG_INFORMATION_FORMAT = "dwarf-with-dsym";
				ENABLE_NS_ASSERTIONS = NO;
				ENABLE_STRICT_OBJC_MSGSEND = YES;
				GCC_C_LANGUAGE_STANDARD = gnu11;
				GCC_NO_COMMON_BLOCKS = YES;
				GCC_WARN_64_TO_32_BIT_CONVERSION = YES;
				GCC_WARN_ABOUT_RETURN_TYPE = YES_ERROR;
				GCC_WARN_UNDECLARED_SELECTOR = YES;
				GCC_WARN_UNINITIALIZED_AUTOS = YES_AGGRESSIVE;
				GCC_WARN_UNUSED_FUNCTION = YES;
				GCC_WARN_UNUSED_VARIABLE = YES;
				IPHONEOS_DEPLOYMENT_TARGET = 12.1;
				MTL_ENABLE_DEBUG_INFO = NO;
				MTL_FAST_MATH = YES;
				SDKROOT = iphoneos;
				SWIFT_COMPILATION_MODE = wholemodule;
				SWIFT_OPTIMIZATION_LEVEL = "-O";
				VALIDATE_PRODUCT = YES;
			};
			name = Release;
		};
		4FB7E3D4222D142500EFC791 /* Debug */ = {
			isa = XCBuildConfiguration;
			buildSettings = {
				ASSETCATALOG_COMPILER_APPICON_NAME = AppIcon;
				CODE_SIGN_STYLE = Automatic;
				DEVELOPMENT_TEAM = K3487U3B34;
				INFOPLIST_FILE = "New - 37. MKMapView Part 1/Info.plist";
				LD_RUNPATH_SEARCH_PATHS = (
					"$(inherited)",
					"@executable_path/Frameworks",
				);
				PRODUCT_BUNDLE_IDENTIFIER = "OB.New---37--MKMapView-Part-1";
				PRODUCT_NAME = "$(TARGET_NAME)";
				SWIFT_VERSION = 4.2;
				TARGETED_DEVICE_FAMILY = "1,2";
			};
			name = Debug;
		};
		4FB7E3D5222D142500EFC791 /* Release */ = {
			isa = XCBuildConfiguration;
			buildSettings = {
				ASSETCATALOG_COMPILER_APPICON_NAME = AppIcon;
				CODE_SIGN_STYLE = Automatic;
				DEVELOPMENT_TEAM = K3487U3B34;
				INFOPLIST_FILE = "New - 37. MKMapView Part 1/Info.plist";
				LD_RUNPATH_SEARCH_PATHS = (
					"$(inherited)",
					"@executable_path/Frameworks",
				);
				PRODUCT_BUNDLE_IDENTIFIER = "OB.New---37--MKMapView-Part-1";
				PRODUCT_NAME = "$(TARGET_NAME)";
				SWIFT_VERSION = 4.2;
				TARGETED_DEVICE_FAMILY = "1,2";
			};
			name = Release;
		};
/* End XCBuildConfiguration section */

/* Begin XCConfigurationList section */
		4FB7E3B9222D142300EFC791 /* Build configuration list for PBXProject "New - 37. MKMapView Part 1" */ = {
			isa = XCConfigurationList;
			buildConfigurations = (
				4FB7E3D1222D142500EFC791 /* Debug */,
				4FB7E3D2222D142500EFC791 /* Release */,
			);
			defaultConfigurationIsVisible = 0;
			defaultConfigurationName = Release;
		};
		4FB7E3D3222D142500EFC791 /* Build configuration list for PBXNativeTarget "New - 37. MKMapView Part 1" */ = {
			isa = XCConfigurationList;
			buildConfigurations = (
				4FB7E3D4222D142500EFC791 /* Debug */,
				4FB7E3D5222D142500EFC791 /* Release */,
			);
			defaultConfigurationIsVisible = 0;
			defaultConfigurationName = Release;
		};
/* End XCConfigurationList section */

/* Begin XCVersionGroup section */
		4FB7E3C8222D142300EFC791 /* New___37__MKMapView_Part_1.xcdatamodeld */ = {
			isa = XCVersionGroup;
			children = (
				4FB7E3C9222D142300EFC791 /* New___37__MKMapView_Part_1.xcdatamodel */,
			);
			currentVersion = 4FB7E3C9222D142300EFC791 /* New___37__MKMapView_Part_1.xcdatamodel */;
			path = "New___37__MKMapView_Part_1.xcdatamodeld";
			sourceTree = "<group>";
			versionGroupType = wrapper.xcdatamodel;
		};
/* End XCVersionGroup section */
	};
	rootObject = 4FB7E3B6222D142300EFC791 /* Project object */;
}
